
Microsoft Visual Studio Solution File, Format Version 12.00
# Visual Studio 15
VisualStudioVersion = 15.0.27004.2009
MinimumVisualStudioVersion = 10.0.40219.1
Project("{FAE04EC0-301F-11D3-BF4B-00C04F79EFBC}") = "Dnn.FormAndList DataSource for 2sxc EAV", "ListAndForm DataSource for 2sxc EAV\Dnn.FormAndList DataSource for 2sxc EAV.csproj", "{F8D2FB76-EA96-454F-AC0A-A809F07B64BD}"
EndProject
Project("{FAE04EC0-301F-11D3-BF4B-00C04F79EFBC}") = "ToSic.Dnn.DataSources.FnL", "ToSic.Dnn.DataSources.FnL\ToSic.Dnn.DataSources.FnL.csproj", "{7D61A32C-0F21-453F-A981-BD8E5A3A5304}"
EndProject
Global
	GlobalSection(SolutionConfigurationPlatforms) = preSolution
		Debug|Any CPU = Debug|Any CPU
		Release|Any CPU = Release|Any CPU
	EndGlobalSection
	GlobalSection(ProjectConfigurationPlatforms) = postSolution
		{F8D2FB76-EA96-454F-AC0A-A809F07B64BD}.Debug|Any CPU.ActiveCfg = Debug|Any CPU
		{F8D2FB76-EA96-454F-AC0A-A809F07B64BD}.Debug|Any CPU.Build.0 = Debug|Any CPU
		{F8D2FB76-EA96-454F-AC0A-A809F07B64BD}.Release|Any CPU.ActiveCfg = Release|Any CPU
		{F8D2FB76-EA96-454F-AC0A-A809F07B64BD}.Release|Any CPU.Build.0 = Release|Any CPU
		{7D61A32C-0F21-453F-A981-BD8E5A3A5304}.Debug|Any CPU.ActiveCfg = Debug|Any CPU
		{7D61A32C-0F21-453F-A981-BD8E5A3A5304}.Debug|Any CPU.Build.0 = Debug|Any CPU
		{7D61A32C-0F21-453F-A981-BD8E5A3A5304}.Release|Any CPU.ActiveCfg = Release|Any CPU
		{7D61A32C-0F21-453F-A981-BD8E5A3A5304}.Release|Any CPU.Build.0 = Release|Any CPU
	EndGlobalSection
	GlobalSection(SolutionProperties) = preSolution
		HideSolutionNode = FALSE
	EndGlobalSection
	GlobalSection(ExtensibilityGlobals) = postSolution
		SolutionGuid = {F221250D-F25A-4225-BAC3-5F282DE95440}
	EndGlobalSection
EndGlobal
